
Microsoft Visual Studio Solution File, Format Version 12.00
# Visual Studio Version 17
VisualStudioVersion = 17.0.32112.339
MinimumVisualStudioVersion = 10.0.40219.1
Project("{9A19103F-16F7-4668-BE54-9A1E7A4F7556}") = "AAS WebApp Repository", "src\aas-api-webapp-repository\AAS WebApp Repository.csproj", "{37E281C2-FC84-4BD9-AFB5-AC55A9D92B0F}"
	ProjectSection(ProjectDependencies) = postProject
		{C82208F3-1191-4284-8D92-2E70C804E028} = {C82208F3-1191-4284-8D92-2E70C804E028}
	EndProjectSection
EndProject
Project("{9A19103F-16F7-4668-BE54-9A1E7A4F7556}") = "AAS API Models", "src\aas-api-models\AAS API Models.csproj", "{8246142F-9B71-424D-A219-9F4BA4C4B77B}"
EndProject
Project("{9A19103F-16F7-4668-BE54-9A1E7A4F7556}") = "AAS Repository", "src\aas-repository\AAS Repository.csproj", "{71AD2742-04E6-4C8C-8D94-C061DEE9D5A3}"
	ProjectSection(ProjectDependencies) = postProject
		{C82208F3-1191-4284-8D92-2E70C804E028} = {C82208F3-1191-4284-8D92-2E70C804E028}
	EndProjectSection
EndProject
Project("{9A19103F-16F7-4668-BE54-9A1E7A4F7556}") = "AAS Repository Tests", "src\aas-repository-tests\AAS Repository Tests.csproj", "{2295DDEC-6AD9-41A5-82A9-FA72BFBC98E8}"
EndProject
Project("{9A19103F-16F7-4668-BE54-9A1E7A4F7556}") = "AAS WebApp full", "src\aas-api-webapp-full\AAS WebApp full.csproj", "{5E55C6F8-30F0-46BC-8637-D5B397E04D6B}"
	ProjectSection(ProjectDependencies) = postProject
		{E657B3A4-0D61-4EDB-8B42-E3B137D1AC01} = {E657B3A4-0D61-4EDB-8B42-E3B137D1AC01}
	EndProjectSection
EndProject
Project("{9A19103F-16F7-4668-BE54-9A1E7A4F7556}") = "AAS Services Support", "src\aas-services-support\AAS Services Support.csproj", "{C82208F3-1191-4284-8D92-2E70C804E028}"
EndProject
Project("{9A19103F-16F7-4668-BE54-9A1E7A4F7556}") = "AAS Discovery Service", "src\aas-discovery-service\AAS Discovery Service.csproj", "{E657B3A4-0D61-4EDB-8B42-E3B137D1AC01}"
EndProject
Project("{9A19103F-16F7-4668-BE54-9A1E7A4F7556}") = "AAS WebApp AASX File Server", "src\aas-api-webapp-aasxfile\AAS WebApp AASX File Server.csproj", "{A1582F1D-ED33-4197-A7C8-73BA6802435D}"
EndProject
Project("{9A19103F-16F7-4668-BE54-9A1E7A4F7556}") = "AAS AASX File Service", "src\aas-aasxfile-service\AAS AASX File Service.csproj", "{E3D5DCB3-4CA1-4833-8A86-DA3D33D1748E}"
EndProject
Project("{9A19103F-16F7-4668-BE54-9A1E7A4F7556}") = "AAS AASX File Service Tests", "src\aas-aasxfile-service-tests\AAS AASX File Service Tests.csproj", "{82A9C310-4E09-4FD7-B3DB-F9E6C670A536}"
EndProject
Project("{9A19103F-16F7-4668-BE54-9A1E7A4F7556}") = "AAS WebApp Discovery", "src\aas-api-webapp-discovery\AAS WebApp Discovery.csproj", "{F54DA57A-DC54-4F84-A0C7-0ED10B60C226}"
EndProject
Project("{9A19103F-16F7-4668-BE54-9A1E7A4F7556}") = "AAS Registry Service", "src\aas-registry-service\AAS Registry Service.csproj", "{0D0AD4E2-C76D-43F7-B62E-6D386DF2A93E}"
EndProject
Project("{9A19103F-16F7-4668-BE54-9A1E7A4F7556}") = "AAS Registry Service Tests", "src\aas-registry-service-tests\AAS Registry Service Tests.csproj", "{A4F5E0BC-2400-422E-9D38-6B82BB3E1347}"
EndProject
Project("{9A19103F-16F7-4668-BE54-9A1E7A4F7556}") = "AAS WebApp Registry", "src\aas-api-webapp-registry\AAS WebApp Registry.csproj", "{B3AA9231-9B5E-4A71-AE05-57A687CD9097}"
EndProject
Project("{9A19103F-16F7-4668-BE54-9A1E7A4F7556}") = "AASX Package Command line", "tools\aasx-cmdline\AASX Package Command line.csproj", "{ECD5A9BE-8210-4BA6-A1FC-F23A3F0C7B84}"
EndProject
Project("{9A19103F-16F7-4668-BE54-9A1E7A4F7556}") = "AASX Package Command line Tests", "tools\aasx-cmdline-tests\AASX Package Command line Tests.csproj", "{5BBB7304-26FC-4690-BEF4-59782E720A68}"
EndProject
Project("{2150E333-8FDC-42A3-9474-1A3956D46DE8}") = "Tools", "Tools", "{D3185476-EC73-4773-BA8D-E19147F729AE}"
EndProject
Project("{2150E333-8FDC-42A3-9474-1A3956D46DE8}") = "AASX Command line", "AASX Command line", "{803CDCDE-B5BD-4EE7-A873-68B352F0A275}"
EndProject
Project("{2150E333-8FDC-42A3-9474-1A3956D46DE8}") = "AASX File Service", "AASX File Service", "{37B709F4-6530-461C-BB69-2E96286F7F67}"
EndProject
Project("{2150E333-8FDC-42A3-9474-1A3956D46DE8}") = "AAS Entire services", "AAS Entire services", "{498C9BA9-D946-4D8B-BB37-AD0FC939D457}"
EndProject
Project("{2150E333-8FDC-42A3-9474-1A3956D46DE8}") = "AAS Discovery", "AAS Discovery", "{6667EF7A-F23F-46AD-B3C7-BE52355F6BE7}"
EndProject
Project("{2150E333-8FDC-42A3-9474-1A3956D46DE8}") = "AAS Registry", "AAS Registry", "{0D24FB47-4A2B-4228-84C4-251642E6C1F7}"
EndProject
Project("{2150E333-8FDC-42A3-9474-1A3956D46DE8}") = "AAS Shell repository", "AAS Shell repository", "{60E05FDD-8466-4A85-AF46-82C451B53C37}"
EndProject
Project("{2150E333-8FDC-42A3-9474-1A3956D46DE8}") = "Common", "Common", "{FC582922-7227-4B4C-8FE2-28BEB8D06AF4}"
EndProject
Project("{9A19103F-16F7-4668-BE54-9A1E7A4F7556}") = "AAS ADT SDK", "src\AAS ADT SDK\AAS ADT SDK.csproj", "{23ACA440-ADC3-42C0-AAED-48250BA2290E}"
EndProject
Project("{9A19103F-16F7-4668-BE54-9A1E7A4F7556}") = "AAS ADT SDK Tests", "src\AAS ADT SDK Tests\AAS ADT SDK Tests.csproj", "{FC067E73-FA78-472C-A100-2BE5F7B8A379}"
	ProjectSection(ProjectDependencies) = postProject
		{23ACA440-ADC3-42C0-AAED-48250BA2290E} = {23ACA440-ADC3-42C0-AAED-48250BA2290E}
	EndProjectSection
EndProject
Project("{2150E333-8FDC-42A3-9474-1A3956D46DE8}") = "Model Generator", "Model Generator", "{26579DD3-6E6F-4959-8289-9A23C2A57997}"
EndProject
Project("{FAE04EC0-301F-11D3-BF4B-00C04F79EFBC}") = "aas-model-generator", "tools\aas-model-generator\aas-model-generator.csproj", "{620930EE-63A3-452B-B2DA-7E24B9100704}"
EndProject
Global
	GlobalSection(SolutionConfigurationPlatforms) = preSolution
		Debug|Any CPU = Debug|Any CPU
		Release|Any CPU = Release|Any CPU
	EndGlobalSection
	GlobalSection(ProjectConfigurationPlatforms) = postSolution
		{37E281C2-FC84-4BD9-AFB5-AC55A9D92B0F}.Debug|Any CPU.ActiveCfg = Debug|Any CPU
		{37E281C2-FC84-4BD9-AFB5-AC55A9D92B0F}.Debug|Any CPU.Build.0 = Debug|Any CPU
		{37E281C2-FC84-4BD9-AFB5-AC55A9D92B0F}.Release|Any CPU.ActiveCfg = Release|Any CPU
		{37E281C2-FC84-4BD9-AFB5-AC55A9D92B0F}.Release|Any CPU.Build.0 = Release|Any CPU
		{8246142F-9B71-424D-A219-9F4BA4C4B77B}.Debug|Any CPU.ActiveCfg = Debug|Any CPU
		{8246142F-9B71-424D-A219-9F4BA4C4B77B}.Debug|Any CPU.Build.0 = Debug|Any CPU
		{8246142F-9B71-424D-A219-9F4BA4C4B77B}.Release|Any CPU.ActiveCfg = Release|Any CPU
		{8246142F-9B71-424D-A219-9F4BA4C4B77B}.Release|Any CPU.Build.0 = Release|Any CPU
		{71AD2742-04E6-4C8C-8D94-C061DEE9D5A3}.Debug|Any CPU.ActiveCfg = Debug|Any CPU
		{71AD2742-04E6-4C8C-8D94-C061DEE9D5A3}.Debug|Any CPU.Build.0 = Debug|Any CPU
		{71AD2742-04E6-4C8C-8D94-C061DEE9D5A3}.Release|Any CPU.ActiveCfg = Release|Any CPU
		{71AD2742-04E6-4C8C-8D94-C061DEE9D5A3}.Release|Any CPU.Build.0 = Release|Any CPU
		{2295DDEC-6AD9-41A5-82A9-FA72BFBC98E8}.Debug|Any CPU.ActiveCfg = Debug|Any CPU
		{2295DDEC-6AD9-41A5-82A9-FA72BFBC98E8}.Debug|Any CPU.Build.0 = Debug|Any CPU
		{2295DDEC-6AD9-41A5-82A9-FA72BFBC98E8}.Release|Any CPU.ActiveCfg = Release|Any CPU
		{2295DDEC-6AD9-41A5-82A9-FA72BFBC98E8}.Release|Any CPU.Build.0 = Release|Any CPU
		{5E55C6F8-30F0-46BC-8637-D5B397E04D6B}.Debug|Any CPU.ActiveCfg = Debug|Any CPU
		{5E55C6F8-30F0-46BC-8637-D5B397E04D6B}.Debug|Any CPU.Build.0 = Debug|Any CPU
		{5E55C6F8-30F0-46BC-8637-D5B397E04D6B}.Release|Any CPU.ActiveCfg = Release|Any CPU
		{5E55C6F8-30F0-46BC-8637-D5B397E04D6B}.Release|Any CPU.Build.0 = Release|Any CPU
		{C82208F3-1191-4284-8D92-2E70C804E028}.Debug|Any CPU.ActiveCfg = Debug|Any CPU
		{C82208F3-1191-4284-8D92-2E70C804E028}.Debug|Any CPU.Build.0 = Debug|Any CPU
		{C82208F3-1191-4284-8D92-2E70C804E028}.Release|Any CPU.ActiveCfg = Release|Any CPU
		{C82208F3-1191-4284-8D92-2E70C804E028}.Release|Any CPU.Build.0 = Release|Any CPU
		{E657B3A4-0D61-4EDB-8B42-E3B137D1AC01}.Debug|Any CPU.ActiveCfg = Debug|Any CPU
		{E657B3A4-0D61-4EDB-8B42-E3B137D1AC01}.Debug|Any CPU.Build.0 = Debug|Any CPU
		{E657B3A4-0D61-4EDB-8B42-E3B137D1AC01}.Release|Any CPU.ActiveCfg = Release|Any CPU
		{E657B3A4-0D61-4EDB-8B42-E3B137D1AC01}.Release|Any CPU.Build.0 = Release|Any CPU
		{A1582F1D-ED33-4197-A7C8-73BA6802435D}.Debug|Any CPU.ActiveCfg = Debug|Any CPU
		{A1582F1D-ED33-4197-A7C8-73BA6802435D}.Debug|Any CPU.Build.0 = Debug|Any CPU
		{A1582F1D-ED33-4197-A7C8-73BA6802435D}.Release|Any CPU.ActiveCfg = Release|Any CPU
		{A1582F1D-ED33-4197-A7C8-73BA6802435D}.Release|Any CPU.Build.0 = Release|Any CPU
		{E3D5DCB3-4CA1-4833-8A86-DA3D33D1748E}.Debug|Any CPU.ActiveCfg = Debug|Any CPU
		{E3D5DCB3-4CA1-4833-8A86-DA3D33D1748E}.Debug|Any CPU.Build.0 = Debug|Any CPU
		{E3D5DCB3-4CA1-4833-8A86-DA3D33D1748E}.Release|Any CPU.ActiveCfg = Release|Any CPU
		{E3D5DCB3-4CA1-4833-8A86-DA3D33D1748E}.Release|Any CPU.Build.0 = Release|Any CPU
		{82A9C310-4E09-4FD7-B3DB-F9E6C670A536}.Debug|Any CPU.ActiveCfg = Debug|Any CPU
		{82A9C310-4E09-4FD7-B3DB-F9E6C670A536}.Debug|Any CPU.Build.0 = Debug|Any CPU
		{82A9C310-4E09-4FD7-B3DB-F9E6C670A536}.Release|Any CPU.ActiveCfg = Release|Any CPU
		{82A9C310-4E09-4FD7-B3DB-F9E6C670A536}.Release|Any CPU.Build.0 = Release|Any CPU
		{F54DA57A-DC54-4F84-A0C7-0ED10B60C226}.Debug|Any CPU.ActiveCfg = Debug|Any CPU
		{F54DA57A-DC54-4F84-A0C7-0ED10B60C226}.Debug|Any CPU.Build.0 = Debug|Any CPU
		{F54DA57A-DC54-4F84-A0C7-0ED10B60C226}.Release|Any CPU.ActiveCfg = Release|Any CPU
		{F54DA57A-DC54-4F84-A0C7-0ED10B60C226}.Release|Any CPU.Build.0 = Release|Any CPU
		{0D0AD4E2-C76D-43F7-B62E-6D386DF2A93E}.Debug|Any CPU.ActiveCfg = Debug|Any CPU
		{0D0AD4E2-C76D-43F7-B62E-6D386DF2A93E}.Debug|Any CPU.Build.0 = Debug|Any CPU
		{0D0AD4E2-C76D-43F7-B62E-6D386DF2A93E}.Release|Any CPU.ActiveCfg = Release|Any CPU
		{0D0AD4E2-C76D-43F7-B62E-6D386DF2A93E}.Release|Any CPU.Build.0 = Release|Any CPU
		{A4F5E0BC-2400-422E-9D38-6B82BB3E1347}.Debug|Any CPU.ActiveCfg = Debug|Any CPU
		{A4F5E0BC-2400-422E-9D38-6B82BB3E1347}.Debug|Any CPU.Build.0 = Debug|Any CPU
		{A4F5E0BC-2400-422E-9D38-6B82BB3E1347}.Release|Any CPU.ActiveCfg = Release|Any CPU
		{A4F5E0BC-2400-422E-9D38-6B82BB3E1347}.Release|Any CPU.Build.0 = Release|Any CPU
		{B3AA9231-9B5E-4A71-AE05-57A687CD9097}.Debug|Any CPU.ActiveCfg = Debug|Any CPU
		{B3AA9231-9B5E-4A71-AE05-57A687CD9097}.Debug|Any CPU.Build.0 = Debug|Any CPU
		{B3AA9231-9B5E-4A71-AE05-57A687CD9097}.Release|Any CPU.ActiveCfg = Release|Any CPU
		{B3AA9231-9B5E-4A71-AE05-57A687CD9097}.Release|Any CPU.Build.0 = Release|Any CPU
		{ECD5A9BE-8210-4BA6-A1FC-F23A3F0C7B84}.Debug|Any CPU.ActiveCfg = Debug|Any CPU
		{ECD5A9BE-8210-4BA6-A1FC-F23A3F0C7B84}.Debug|Any CPU.Build.0 = Debug|Any CPU
		{ECD5A9BE-8210-4BA6-A1FC-F23A3F0C7B84}.Release|Any CPU.ActiveCfg = Release|Any CPU
		{ECD5A9BE-8210-4BA6-A1FC-F23A3F0C7B84}.Release|Any CPU.Build.0 = Release|Any CPU
		{5BBB7304-26FC-4690-BEF4-59782E720A68}.Debug|Any CPU.ActiveCfg = Debug|Any CPU
		{5BBB7304-26FC-4690-BEF4-59782E720A68}.Debug|Any CPU.Build.0 = Debug|Any CPU
		{5BBB7304-26FC-4690-BEF4-59782E720A68}.Release|Any CPU.ActiveCfg = Release|Any CPU
		{5BBB7304-26FC-4690-BEF4-59782E720A68}.Release|Any CPU.Build.0 = Release|Any CPU
		{23ACA440-ADC3-42C0-AAED-48250BA2290E}.Debug|Any CPU.ActiveCfg = Debug|Any CPU
		{23ACA440-ADC3-42C0-AAED-48250BA2290E}.Debug|Any CPU.Build.0 = Debug|Any CPU
		{23ACA440-ADC3-42C0-AAED-48250BA2290E}.Release|Any CPU.ActiveCfg = Release|Any CPU
		{23ACA440-ADC3-42C0-AAED-48250BA2290E}.Release|Any CPU.Build.0 = Release|Any CPU
		{FC067E73-FA78-472C-A100-2BE5F7B8A379}.Debug|Any CPU.ActiveCfg = Debug|Any CPU
		{FC067E73-FA78-472C-A100-2BE5F7B8A379}.Debug|Any CPU.Build.0 = Debug|Any CPU
		{FC067E73-FA78-472C-A100-2BE5F7B8A379}.Release|Any CPU.ActiveCfg = Release|Any CPU
		{FC067E73-FA78-472C-A100-2BE5F7B8A379}.Release|Any CPU.Build.0 = Release|Any CPU
		{620930EE-63A3-452B-B2DA-7E24B9100704}.Debug|Any CPU.ActiveCfg = Debug|Any CPU
		{620930EE-63A3-452B-B2DA-7E24B9100704}.Debug|Any CPU.Build.0 = Debug|Any CPU
		{620930EE-63A3-452B-B2DA-7E24B9100704}.Release|Any CPU.ActiveCfg = Release|Any CPU
		{620930EE-63A3-452B-B2DA-7E24B9100704}.Release|Any CPU.Build.0 = Release|Any CPU
	EndGlobalSection
	GlobalSection(SolutionProperties) = preSolution
		HideSolutionNode = FALSE
	EndGlobalSection
	GlobalSection(NestedProjects) = preSolution
		{37E281C2-FC84-4BD9-AFB5-AC55A9D92B0F} = {60E05FDD-8466-4A85-AF46-82C451B53C37}
		{8246142F-9B71-424D-A219-9F4BA4C4B77B} = {FC582922-7227-4B4C-8FE2-28BEB8D06AF4}
		{71AD2742-04E6-4C8C-8D94-C061DEE9D5A3} = {60E05FDD-8466-4A85-AF46-82C451B53C37}
		{2295DDEC-6AD9-41A5-82A9-FA72BFBC98E8} = {60E05FDD-8466-4A85-AF46-82C451B53C37}
		{5E55C6F8-30F0-46BC-8637-D5B397E04D6B} = {498C9BA9-D946-4D8B-BB37-AD0FC939D457}
		{C82208F3-1191-4284-8D92-2E70C804E028} = {FC582922-7227-4B4C-8FE2-28BEB8D06AF4}
		{E657B3A4-0D61-4EDB-8B42-E3B137D1AC01} = {6667EF7A-F23F-46AD-B3C7-BE52355F6BE7}
		{A1582F1D-ED33-4197-A7C8-73BA6802435D} = {37B709F4-6530-461C-BB69-2E96286F7F67}
		{E3D5DCB3-4CA1-4833-8A86-DA3D33D1748E} = {37B709F4-6530-461C-BB69-2E96286F7F67}
		{82A9C310-4E09-4FD7-B3DB-F9E6C670A536} = {37B709F4-6530-461C-BB69-2E96286F7F67}
		{F54DA57A-DC54-4F84-A0C7-0ED10B60C226} = {6667EF7A-F23F-46AD-B3C7-BE52355F6BE7}
		{0D0AD4E2-C76D-43F7-B62E-6D386DF2A93E} = {0D24FB47-4A2B-4228-84C4-251642E6C1F7}
		{A4F5E0BC-2400-422E-9D38-6B82BB3E1347} = {0D24FB47-4A2B-4228-84C4-251642E6C1F7}
		{B3AA9231-9B5E-4A71-AE05-57A687CD9097} = {0D24FB47-4A2B-4228-84C4-251642E6C1F7}
		{ECD5A9BE-8210-4BA6-A1FC-F23A3F0C7B84} = {803CDCDE-B5BD-4EE7-A873-68B352F0A275}
		{5BBB7304-26FC-4690-BEF4-59782E720A68} = {803CDCDE-B5BD-4EE7-A873-68B352F0A275}
		{803CDCDE-B5BD-4EE7-A873-68B352F0A275} = {D3185476-EC73-4773-BA8D-E19147F729AE}
		{23ACA440-ADC3-42C0-AAED-48250BA2290E} = {FC582922-7227-4B4C-8FE2-28BEB8D06AF4}
		{FC067E73-FA78-472C-A100-2BE5F7B8A379} = {FC582922-7227-4B4C-8FE2-28BEB8D06AF4}
		{26579DD3-6E6F-4959-8289-9A23C2A57997} = {D3185476-EC73-4773-BA8D-E19147F729AE}
		{620930EE-63A3-452B-B2DA-7E24B9100704} = {26579DD3-6E6F-4959-8289-9A23C2A57997}
	EndGlobalSection
	GlobalSection(ExtensibilityGlobals) = postSolution
		SolutionGuid = {3B9D5232-0DAC-44CB-B879-A2E20EC77D59}
	EndGlobalSection
EndGlobal
