
Microsoft Visual Studio Solution File, Format Version 12.00
# Visual Studio Version 16
VisualStudioVersion = 16.0.31911.196
MinimumVisualStudioVersion = 10.0.40219.1
Project("{9A19103F-16F7-4668-BE54-9A1E7A4F7556}") = "AAS WebApp Repository", "src\aas-api-webapp-repository\AAS WebApp Repository.csproj", "{37E281C2-FC84-4BD9-AFB5-AC55A9D92B0F}"
	ProjectSection(ProjectDependencies) = postProject
		{C82208F3-1191-4284-8D92-2E70C804E028} = {C82208F3-1191-4284-8D92-2E70C804E028}
	EndProjectSection
EndProject
Project("{9A19103F-16F7-4668-BE54-9A1E7A4F7556}") = "AAS API Models", "src\aas-api-models\AAS API Models.csproj", "{8246142F-9B71-424D-A219-9F4BA4C4B77B}"
EndProject
Project("{9A19103F-16F7-4668-BE54-9A1E7A4F7556}") = "AAS Repository", "src\aas-repository\AAS Repository.csproj", "{71AD2742-04E6-4C8C-8D94-C061DEE9D5A3}"
	ProjectSection(ProjectDependencies) = postProject
		{C82208F3-1191-4284-8D92-2E70C804E028} = {C82208F3-1191-4284-8D92-2E70C804E028}
	EndProjectSection
EndProject
Project("{9A19103F-16F7-4668-BE54-9A1E7A4F7556}") = "AAS Repository Tests", "src\aas-repository-tests\AAS Repository Tests.csproj", "{2295DDEC-6AD9-41A5-82A9-FA72BFBC98E8}"
EndProject
Project("{9A19103F-16F7-4668-BE54-9A1E7A4F7556}") = "AAS WebApp full", "src\aas-api-webapp-full\AAS WebApp full.csproj", "{5E55C6F8-30F0-46BC-8637-D5B397E04D6B}"
	ProjectSection(ProjectDependencies) = postProject
		{E657B3A4-0D61-4EDB-8B42-E3B137D1AC01} = {E657B3A4-0D61-4EDB-8B42-E3B137D1AC01}
	EndProjectSection
EndProject
Project("{9A19103F-16F7-4668-BE54-9A1E7A4F7556}") = "AAS Services Support", "src\aas-services-support\AAS Services Support.csproj", "{C82208F3-1191-4284-8D92-2E70C804E028}"
EndProject
Project("{9A19103F-16F7-4668-BE54-9A1E7A4F7556}") = "AAS Discovery Service", "src\aas-discovery-service\AAS Discovery Service.csproj", "{E657B3A4-0D61-4EDB-8B42-E3B137D1AC01}"
EndProject
Project("{9A19103F-16F7-4668-BE54-9A1E7A4F7556}") = "AAS WebApp AASX File Server", "src\aas-api-webapp-aasxfile\AAS WebApp AASX File Server.csproj", "{A1582F1D-ED33-4197-A7C8-73BA6802435D}"
EndProject
Project("{9A19103F-16F7-4668-BE54-9A1E7A4F7556}") = "AAS AASX File Service", "src\aas-aasxfile-service\AAS AASX File Service.csproj", "{E3D5DCB3-4CA1-4833-8A86-DA3D33D1748E}"
EndProject
Project("{9A19103F-16F7-4668-BE54-9A1E7A4F7556}") = "AAS AASX File Service Tests", "src\aas-aasxfile-service-tests\AAS AASX File Service Tests.csproj", "{82A9C310-4E09-4FD7-B3DB-F9E6C670A536}"
EndProject
Project("{FAE04EC0-301F-11D3-BF4B-00C04F79EFBC}") = "AAS WebApp Discovery", "src\aas-api-webapp-discovery\AAS WebApp Discovery.csproj", "{F54DA57A-DC54-4F84-A0C7-0ED10B60C226}"
EndProject
Global
	GlobalSection(SolutionConfigurationPlatforms) = preSolution
		Debug|Any CPU = Debug|Any CPU
		Release|Any CPU = Release|Any CPU
	EndGlobalSection
	GlobalSection(ProjectConfigurationPlatforms) = postSolution
		{37E281C2-FC84-4BD9-AFB5-AC55A9D92B0F}.Debug|Any CPU.ActiveCfg = Debug|Any CPU
		{37E281C2-FC84-4BD9-AFB5-AC55A9D92B0F}.Debug|Any CPU.Build.0 = Debug|Any CPU
		{37E281C2-FC84-4BD9-AFB5-AC55A9D92B0F}.Release|Any CPU.ActiveCfg = Release|Any CPU
		{37E281C2-FC84-4BD9-AFB5-AC55A9D92B0F}.Release|Any CPU.Build.0 = Release|Any CPU
		{8246142F-9B71-424D-A219-9F4BA4C4B77B}.Debug|Any CPU.ActiveCfg = Debug|Any CPU
		{8246142F-9B71-424D-A219-9F4BA4C4B77B}.Debug|Any CPU.Build.0 = Debug|Any CPU
		{8246142F-9B71-424D-A219-9F4BA4C4B77B}.Release|Any CPU.ActiveCfg = Release|Any CPU
		{8246142F-9B71-424D-A219-9F4BA4C4B77B}.Release|Any CPU.Build.0 = Release|Any CPU
		{71AD2742-04E6-4C8C-8D94-C061DEE9D5A3}.Debug|Any CPU.ActiveCfg = Debug|Any CPU
		{71AD2742-04E6-4C8C-8D94-C061DEE9D5A3}.Debug|Any CPU.Build.0 = Debug|Any CPU
		{71AD2742-04E6-4C8C-8D94-C061DEE9D5A3}.Release|Any CPU.ActiveCfg = Release|Any CPU
		{71AD2742-04E6-4C8C-8D94-C061DEE9D5A3}.Release|Any CPU.Build.0 = Release|Any CPU
		{2295DDEC-6AD9-41A5-82A9-FA72BFBC98E8}.Debug|Any CPU.ActiveCfg = Debug|Any CPU
		{2295DDEC-6AD9-41A5-82A9-FA72BFBC98E8}.Debug|Any CPU.Build.0 = Debug|Any CPU
		{2295DDEC-6AD9-41A5-82A9-FA72BFBC98E8}.Release|Any CPU.ActiveCfg = Release|Any CPU
		{2295DDEC-6AD9-41A5-82A9-FA72BFBC98E8}.Release|Any CPU.Build.0 = Release|Any CPU
		{5E55C6F8-30F0-46BC-8637-D5B397E04D6B}.Debug|Any CPU.ActiveCfg = Debug|Any CPU
		{5E55C6F8-30F0-46BC-8637-D5B397E04D6B}.Debug|Any CPU.Build.0 = Debug|Any CPU
		{5E55C6F8-30F0-46BC-8637-D5B397E04D6B}.Release|Any CPU.ActiveCfg = Release|Any CPU
		{5E55C6F8-30F0-46BC-8637-D5B397E04D6B}.Release|Any CPU.Build.0 = Release|Any CPU
		{C82208F3-1191-4284-8D92-2E70C804E028}.Debug|Any CPU.ActiveCfg = Debug|Any CPU
		{C82208F3-1191-4284-8D92-2E70C804E028}.Debug|Any CPU.Build.0 = Debug|Any CPU
		{C82208F3-1191-4284-8D92-2E70C804E028}.Release|Any CPU.ActiveCfg = Release|Any CPU
		{C82208F3-1191-4284-8D92-2E70C804E028}.Release|Any CPU.Build.0 = Release|Any CPU
		{E657B3A4-0D61-4EDB-8B42-E3B137D1AC01}.Debug|Any CPU.ActiveCfg = Debug|Any CPU
		{E657B3A4-0D61-4EDB-8B42-E3B137D1AC01}.Debug|Any CPU.Build.0 = Debug|Any CPU
		{E657B3A4-0D61-4EDB-8B42-E3B137D1AC01}.Release|Any CPU.ActiveCfg = Release|Any CPU
		{E657B3A4-0D61-4EDB-8B42-E3B137D1AC01}.Release|Any CPU.Build.0 = Release|Any CPU
		{A1582F1D-ED33-4197-A7C8-73BA6802435D}.Debug|Any CPU.ActiveCfg = Debug|Any CPU
		{A1582F1D-ED33-4197-A7C8-73BA6802435D}.Debug|Any CPU.Build.0 = Debug|Any CPU
		{A1582F1D-ED33-4197-A7C8-73BA6802435D}.Release|Any CPU.ActiveCfg = Release|Any CPU
		{A1582F1D-ED33-4197-A7C8-73BA6802435D}.Release|Any CPU.Build.0 = Release|Any CPU
		{E3D5DCB3-4CA1-4833-8A86-DA3D33D1748E}.Debug|Any CPU.ActiveCfg = Debug|Any CPU
		{E3D5DCB3-4CA1-4833-8A86-DA3D33D1748E}.Debug|Any CPU.Build.0 = Debug|Any CPU
		{E3D5DCB3-4CA1-4833-8A86-DA3D33D1748E}.Release|Any CPU.ActiveCfg = Release|Any CPU
		{E3D5DCB3-4CA1-4833-8A86-DA3D33D1748E}.Release|Any CPU.Build.0 = Release|Any CPU
		{82A9C310-4E09-4FD7-B3DB-F9E6C670A536}.Debug|Any CPU.ActiveCfg = Debug|Any CPU
		{82A9C310-4E09-4FD7-B3DB-F9E6C670A536}.Debug|Any CPU.Build.0 = Debug|Any CPU
		{82A9C310-4E09-4FD7-B3DB-F9E6C670A536}.Release|Any CPU.ActiveCfg = Release|Any CPU
		{82A9C310-4E09-4FD7-B3DB-F9E6C670A536}.Release|Any CPU.Build.0 = Release|Any CPU
		{F54DA57A-DC54-4F84-A0C7-0ED10B60C226}.Debug|Any CPU.ActiveCfg = Debug|Any CPU
		{F54DA57A-DC54-4F84-A0C7-0ED10B60C226}.Debug|Any CPU.Build.0 = Debug|Any CPU
		{F54DA57A-DC54-4F84-A0C7-0ED10B60C226}.Release|Any CPU.ActiveCfg = Release|Any CPU
		{F54DA57A-DC54-4F84-A0C7-0ED10B60C226}.Release|Any CPU.Build.0 = Release|Any CPU
	EndGlobalSection
	GlobalSection(SolutionProperties) = preSolution
		HideSolutionNode = FALSE
	EndGlobalSection
	GlobalSection(ExtensibilityGlobals) = postSolution
		SolutionGuid = {3B9D5232-0DAC-44CB-B879-A2E20EC77D59}
	EndGlobalSection
EndGlobal
